
Microsoft Visual Studio Solution File, Format Version 12.00
# Visual Studio Version 16
VisualStudioVersion = 16.0.31729.503
MinimumVisualStudioVersion = 10.0.40219.1
Project("{FAE04EC0-301F-11D3-BF4B-00C04F79EFBC}") = "OluWebsite", "OluWebsite\OluWebsite.csproj", "{A008EC6D-4160-4DDD-86ED-00050EC32041}"
EndProject
Project("{FAE04EC0-301F-11D3-BF4B-00C04F79EFBC}") = "OluWebApi", "OluWebApi\OluWebApi.csproj", "{1822B604-2432-4B3C-8147-FF093E785F2A}"
EndProject
Global
	GlobalSection(SolutionConfigurationPlatforms) = preSolution
		Debug|Any CPU = Debug|Any CPU
		Release|Any CPU = Release|Any CPU
	EndGlobalSection
	GlobalSection(ProjectConfigurationPlatforms) = postSolution
		{A008EC6D-4160-4DDD-86ED-00050EC32041}.Debug|Any CPU.ActiveCfg = Debug|Any CPU
		{A008EC6D-4160-4DDD-86ED-00050EC32041}.Debug|Any CPU.Build.0 = Debug|Any CPU
		{A008EC6D-4160-4DDD-86ED-00050EC32041}.Release|Any CPU.ActiveCfg = Release|Any CPU
		{A008EC6D-4160-4DDD-86ED-00050EC32041}.Release|Any CPU.Build.0 = Release|Any CPU
		{1822B604-2432-4B3C-8147-FF093E785F2A}.Debug|Any CPU.ActiveCfg = Debug|Any CPU
		{1822B604-2432-4B3C-8147-FF093E785F2A}.Debug|Any CPU.Build.0 = Debug|Any CPU
		{1822B604-2432-4B3C-8147-FF093E785F2A}.Release|Any CPU.ActiveCfg = Release|Any CPU
		{1822B604-2432-4B3C-8147-FF093E785F2A}.Release|Any CPU.Build.0 = Release|Any CPU
	EndGlobalSection
	GlobalSection(SolutionProperties) = preSolution
		HideSolutionNode = FALSE
	EndGlobalSection
	GlobalSection(ExtensibilityGlobals) = postSolution
		SolutionGuid = {863BE0FA-B5CE-4A31-912C-FD0F90BCDE35}
	EndGlobalSection
EndGlobal
